
Microsoft Visual Studio Solution File, Format Version 12.00
# Visual Studio 14
VisualStudioVersion = 14.0.25420.1
MinimumVisualStudioVersion = 10.0.40219.1
Project("{FAE04EC0-301F-11D3-BF4B-00C04F79EFBC}") = "ArandaApi", "ArandaApi\ArandaApi.csproj", "{16C68FC6-4B02-4656-959D-52AD583D246A}"
EndProject
Project("{FAE04EC0-301F-11D3-BF4B-00C04F79EFBC}") = "Bisiness", "Bisiness\Bisiness.csproj", "{7352B7B0-36A0-4E3E-842D-D87D8C22C760}"
EndProject
Project("{FAE04EC0-301F-11D3-BF4B-00C04F79EFBC}") = "Data", "Data\Data.csproj", "{84C8DCE7-97E8-4225-BB21-96E1727FAB35}"
EndProject
Global
	GlobalSection(SolutionConfigurationPlatforms) = preSolution
		Debug|Any CPU = Debug|Any CPU
		Release|Any CPU = Release|Any CPU
	EndGlobalSection
	GlobalSection(ProjectConfigurationPlatforms) = postSolution
		{16C68FC6-4B02-4656-959D-52AD583D246A}.Debug|Any CPU.ActiveCfg = Debug|Any CPU
		{16C68FC6-4B02-4656-959D-52AD583D246A}.Debug|Any CPU.Build.0 = Debug|Any CPU
		{16C68FC6-4B02-4656-959D-52AD583D246A}.Release|Any CPU.ActiveCfg = Release|Any CPU
		{16C68FC6-4B02-4656-959D-52AD583D246A}.Release|Any CPU.Build.0 = Release|Any CPU
		{7352B7B0-36A0-4E3E-842D-D87D8C22C760}.Debug|Any CPU.ActiveCfg = Debug|Any CPU
		{7352B7B0-36A0-4E3E-842D-D87D8C22C760}.Debug|Any CPU.Build.0 = Debug|Any CPU
		{7352B7B0-36A0-4E3E-842D-D87D8C22C760}.Release|Any CPU.ActiveCfg = Release|Any CPU
		{7352B7B0-36A0-4E3E-842D-D87D8C22C760}.Release|Any CPU.Build.0 = Release|Any CPU
		{84C8DCE7-97E8-4225-BB21-96E1727FAB35}.Debug|Any CPU.ActiveCfg = Debug|Any CPU
		{84C8DCE7-97E8-4225-BB21-96E1727FAB35}.Debug|Any CPU.Build.0 = Debug|Any CPU
		{84C8DCE7-97E8-4225-BB21-96E1727FAB35}.Release|Any CPU.ActiveCfg = Release|Any CPU
		{84C8DCE7-97E8-4225-BB21-96E1727FAB35}.Release|Any CPU.Build.0 = Release|Any CPU
	EndGlobalSection
	GlobalSection(SolutionProperties) = preSolution
		HideSolutionNode = FALSE
	EndGlobalSection
EndGlobal
